
Microsoft Visual Studio Solution File, Format Version 12.00
# Visual Studio Version 16
VisualStudioVersion = 16.0.31321.278
MinimumVisualStudioVersion = 10.0.40219.1
Project("{2150E333-8FDC-42A3-9474-1A3956D46DE8}") = "Services", "Services", "{1E605392-C928-4F11-B89B-21DD03B2FA58}"
EndProject
Project("{2150E333-8FDC-42A3-9474-1A3956D46DE8}") = "Product_Catalog", "Product_Catalog", "{1A9C5D07-DF27-4EC3-9EEA-D64BB38AB331}"
EndProject
Project("{9A19103F-16F7-4668-BE54-9A1E7A4F7556}") = "Product_Catalog", "Services\Product_Catalog\Product_Catalog\Product_Catalog.csproj", "{4D80D3D3-AC71-4FC9-B0FC-75372D099594}"
EndProject
Project("{E53339B2-1760-4266-BCC7-CA923CBCF16C}") = "docker-compose", "docker-compose.dcproj", "{011D8784-CEA1-4364-A73B-5CFB0F4D1496}"
EndProject
Project("{2150E333-8FDC-42A3-9474-1A3956D46DE8}") = "Basket", "Basket", "{4AFBC603-9511-4810-AF95-8595733194B1}"
EndProject
Project("{FAE04EC0-301F-11D3-BF4B-00C04F79EFBC}") = "Basket.API", "Services\Basket\Basket.API\Basket.API.csproj", "{963AE9A8-7728-4CA0-A838-A2EF77C5481E}"
EndProject
Project("{2150E333-8FDC-42A3-9474-1A3956D46DE8}") = "Utilities", "Utilities", "{59632D03-B4B9-40E8-8A13-5EC2F9851953}"
EndProject
Project("{FAE04EC0-301F-11D3-BF4B-00C04F79EFBC}") = "Utility", "Services\Utilities\Utility\Utility.csproj", "{6141DD96-8FA0-4417-A2F0-FD4F7608834F}"
EndProject
Project("{2150E333-8FDC-42A3-9474-1A3956D46DE8}") = "Discount", "Discount", "{B527A4A4-CE69-4882-953D-0AAABF0BDDB8}"
EndProject
Project("{FAE04EC0-301F-11D3-BF4B-00C04F79EFBC}") = "Discount.API", "Services\Discount\Discount.API\Discount.API.csproj", "{7331C227-3D08-4289-86C9-9493FF1FD3CD}"
EndProject
Global
	GlobalSection(SolutionConfigurationPlatforms) = preSolution
		Debug|Any CPU = Debug|Any CPU
		Release|Any CPU = Release|Any CPU
	EndGlobalSection
	GlobalSection(ProjectConfigurationPlatforms) = postSolution
		{4D80D3D3-AC71-4FC9-B0FC-75372D099594}.Debug|Any CPU.ActiveCfg = Debug|Any CPU
		{4D80D3D3-AC71-4FC9-B0FC-75372D099594}.Debug|Any CPU.Build.0 = Debug|Any CPU
		{4D80D3D3-AC71-4FC9-B0FC-75372D099594}.Release|Any CPU.ActiveCfg = Release|Any CPU
		{4D80D3D3-AC71-4FC9-B0FC-75372D099594}.Release|Any CPU.Build.0 = Release|Any CPU
		{011D8784-CEA1-4364-A73B-5CFB0F4D1496}.Debug|Any CPU.ActiveCfg = Debug|Any CPU
		{011D8784-CEA1-4364-A73B-5CFB0F4D1496}.Debug|Any CPU.Build.0 = Debug|Any CPU
		{011D8784-CEA1-4364-A73B-5CFB0F4D1496}.Release|Any CPU.ActiveCfg = Release|Any CPU
		{011D8784-CEA1-4364-A73B-5CFB0F4D1496}.Release|Any CPU.Build.0 = Release|Any CPU
		{963AE9A8-7728-4CA0-A838-A2EF77C5481E}.Debug|Any CPU.ActiveCfg = Debug|Any CPU
		{963AE9A8-7728-4CA0-A838-A2EF77C5481E}.Debug|Any CPU.Build.0 = Debug|Any CPU
		{963AE9A8-7728-4CA0-A838-A2EF77C5481E}.Release|Any CPU.ActiveCfg = Release|Any CPU
		{963AE9A8-7728-4CA0-A838-A2EF77C5481E}.Release|Any CPU.Build.0 = Release|Any CPU
		{6141DD96-8FA0-4417-A2F0-FD4F7608834F}.Debug|Any CPU.ActiveCfg = Debug|Any CPU
		{6141DD96-8FA0-4417-A2F0-FD4F7608834F}.Debug|Any CPU.Build.0 = Debug|Any CPU
		{6141DD96-8FA0-4417-A2F0-FD4F7608834F}.Release|Any CPU.ActiveCfg = Release|Any CPU
		{6141DD96-8FA0-4417-A2F0-FD4F7608834F}.Release|Any CPU.Build.0 = Release|Any CPU
		{7331C227-3D08-4289-86C9-9493FF1FD3CD}.Debug|Any CPU.ActiveCfg = Debug|Any CPU
		{7331C227-3D08-4289-86C9-9493FF1FD3CD}.Debug|Any CPU.Build.0 = Debug|Any CPU
		{7331C227-3D08-4289-86C9-9493FF1FD3CD}.Release|Any CPU.ActiveCfg = Release|Any CPU
		{7331C227-3D08-4289-86C9-9493FF1FD3CD}.Release|Any CPU.Build.0 = Release|Any CPU
	EndGlobalSection
	GlobalSection(SolutionProperties) = preSolution
		HideSolutionNode = FALSE
	EndGlobalSection
	GlobalSection(NestedProjects) = preSolution
		{1A9C5D07-DF27-4EC3-9EEA-D64BB38AB331} = {1E605392-C928-4F11-B89B-21DD03B2FA58}
		{4D80D3D3-AC71-4FC9-B0FC-75372D099594} = {1A9C5D07-DF27-4EC3-9EEA-D64BB38AB331}
		{4AFBC603-9511-4810-AF95-8595733194B1} = {1E605392-C928-4F11-B89B-21DD03B2FA58}
		{963AE9A8-7728-4CA0-A838-A2EF77C5481E} = {4AFBC603-9511-4810-AF95-8595733194B1}
		{59632D03-B4B9-40E8-8A13-5EC2F9851953} = {1E605392-C928-4F11-B89B-21DD03B2FA58}
		{6141DD96-8FA0-4417-A2F0-FD4F7608834F} = {59632D03-B4B9-40E8-8A13-5EC2F9851953}
		{B527A4A4-CE69-4882-953D-0AAABF0BDDB8} = {1E605392-C928-4F11-B89B-21DD03B2FA58}
		{7331C227-3D08-4289-86C9-9493FF1FD3CD} = {B527A4A4-CE69-4882-953D-0AAABF0BDDB8}
	EndGlobalSection
	GlobalSection(ExtensibilityGlobals) = postSolution
		SolutionGuid = {0584F3F8-26B8-4B4A-B96C-71E115137C8F}
	EndGlobalSection
EndGlobal
